
Microsoft Visual Studio Solution File, Format Version 12.00
# Visual Studio Version 17
VisualStudioVersion = 17.7.34031.279
MinimumVisualStudioVersion = 10.0.40219.1
Project("{9A19103F-16F7-4668-BE54-9A1E7A4F7556}") = "MonoGame.Demo", "MonoGame.Demo\MonoGame.Demo.csproj", "{C6295792-D1EF-4650-942F-C648D1FAD640}"
EndProject
Project("{9A19103F-16F7-4668-BE54-9A1E7A4F7556}") = "MonoGame.GUI", "MonoGame.GUI\MonoGame.GUI.csproj", "{062C6625-A99A-4367-9CEE-C13F06A51480}"
EndProject
Project("{D954291E-2A0B-460D-934E-DC6B0785DB48}") = "MonoGame.RenderingPipeline.Shaders", "MonoGame.RenderingPipeline.Shaders\MonoGame.RenderingPipeline.Shaders.shproj", "{A0CDBD0E-3A41-42B7-9425-A838BC2C7383}"
EndProject
Project("{9A19103F-16F7-4668-BE54-9A1E7A4F7556}") = "MonoGame.RenderingPipeline", "MonoGame.RenderingPipeline\MonoGame.RenderingPipeline.csproj", "{3F30B70E-E14D-4943-818A-905D5295041C}"
EndProject
Project("{9A19103F-16F7-4668-BE54-9A1E7A4F7556}") = "MonoGame.RenderingPipeline.GL", "MonoGame.RenderingPipeline\MonoGame.RenderingPipeline.GL.csproj", "{DFD872E2-16D9-472C-86D5-A8BE397F2EC6}"
EndProject
Project("{9A19103F-16F7-4668-BE54-9A1E7A4F7556}") = "MonoGame.GUI.GL", "MonoGame.GUI\MonoGame.GUI.GL.csproj", "{44D0C374-2F3E-4DD8-8B7A-4F78652C9A6B}"
EndProject
Project("{9A19103F-16F7-4668-BE54-9A1E7A4F7556}") = "MonoGame.Demo.GL", "MonoGame.Demo\MonoGame.Demo.GL.csproj", "{3ECCBDF8-0DFE-4D0F-A513-7F0C8F7ACFC7}"
EndProject
Global
	GlobalSection(SolutionConfigurationPlatforms) = preSolution
		Debug GL|Any CPU = Debug GL|Any CPU
		Debug|Any CPU = Debug|Any CPU
		Release|Any CPU = Release|Any CPU
	EndGlobalSection
	GlobalSection(ProjectConfigurationPlatforms) = postSolution
		{C6295792-D1EF-4650-942F-C648D1FAD640}.Debug GL|Any CPU.ActiveCfg = Debug|Any CPU
		{C6295792-D1EF-4650-942F-C648D1FAD640}.Debug|Any CPU.ActiveCfg = Debug|Any CPU
		{C6295792-D1EF-4650-942F-C648D1FAD640}.Debug|Any CPU.Build.0 = Debug|Any CPU
		{C6295792-D1EF-4650-942F-C648D1FAD640}.Release|Any CPU.ActiveCfg = Release|Any CPU
		{C6295792-D1EF-4650-942F-C648D1FAD640}.Release|Any CPU.Build.0 = Release|Any CPU
		{062C6625-A99A-4367-9CEE-C13F06A51480}.Debug GL|Any CPU.ActiveCfg = Debug|Any CPU
		{062C6625-A99A-4367-9CEE-C13F06A51480}.Debug|Any CPU.ActiveCfg = Debug|Any CPU
		{062C6625-A99A-4367-9CEE-C13F06A51480}.Debug|Any CPU.Build.0 = Debug|Any CPU
		{062C6625-A99A-4367-9CEE-C13F06A51480}.Release|Any CPU.ActiveCfg = Release|Any CPU
		{062C6625-A99A-4367-9CEE-C13F06A51480}.Release|Any CPU.Build.0 = Release|Any CPU
		{3F30B70E-E14D-4943-818A-905D5295041C}.Debug GL|Any CPU.ActiveCfg = Debug|Any CPU
		{3F30B70E-E14D-4943-818A-905D5295041C}.Debug|Any CPU.ActiveCfg = Debug|Any CPU
		{3F30B70E-E14D-4943-818A-905D5295041C}.Debug|Any CPU.Build.0 = Debug|Any CPU
		{3F30B70E-E14D-4943-818A-905D5295041C}.Release|Any CPU.ActiveCfg = Release|Any CPU
		{3F30B70E-E14D-4943-818A-905D5295041C}.Release|Any CPU.Build.0 = Release|Any CPU
		{DFD872E2-16D9-472C-86D5-A8BE397F2EC6}.Debug GL|Any CPU.ActiveCfg = Debug|Any CPU
		{DFD872E2-16D9-472C-86D5-A8BE397F2EC6}.Debug GL|Any CPU.Build.0 = Debug|Any CPU
		{DFD872E2-16D9-472C-86D5-A8BE397F2EC6}.Debug|Any CPU.ActiveCfg = Debug|Any CPU
		{DFD872E2-16D9-472C-86D5-A8BE397F2EC6}.Release|Any CPU.ActiveCfg = Release|Any CPU
		{DFD872E2-16D9-472C-86D5-A8BE397F2EC6}.Release|Any CPU.Build.0 = Release|Any CPU
		{44D0C374-2F3E-4DD8-8B7A-4F78652C9A6B}.Debug GL|Any CPU.ActiveCfg = Debug|Any CPU
		{44D0C374-2F3E-4DD8-8B7A-4F78652C9A6B}.Debug GL|Any CPU.Build.0 = Debug|Any CPU
		{44D0C374-2F3E-4DD8-8B7A-4F78652C9A6B}.Debug|Any CPU.ActiveCfg = Debug|Any CPU
		{44D0C374-2F3E-4DD8-8B7A-4F78652C9A6B}.Release|Any CPU.ActiveCfg = Release|Any CPU
		{44D0C374-2F3E-4DD8-8B7A-4F78652C9A6B}.Release|Any CPU.Build.0 = Release|Any CPU
		{3ECCBDF8-0DFE-4D0F-A513-7F0C8F7ACFC7}.Debug GL|Any CPU.ActiveCfg = Debug|Any CPU
		{3ECCBDF8-0DFE-4D0F-A513-7F0C8F7ACFC7}.Debug GL|Any CPU.Build.0 = Debug|Any CPU
		{3ECCBDF8-0DFE-4D0F-A513-7F0C8F7ACFC7}.Debug|Any CPU.ActiveCfg = Debug|Any CPU
		{3ECCBDF8-0DFE-4D0F-A513-7F0C8F7ACFC7}.Release|Any CPU.ActiveCfg = Release|Any CPU
	EndGlobalSection
	GlobalSection(SolutionProperties) = preSolution
		HideSolutionNode = FALSE
	EndGlobalSection
	GlobalSection(ExtensibilityGlobals) = postSolution
		SolutionGuid = {9543BC8D-D66B-4E0E-B251-1D4EDE9B6A6F}
	EndGlobalSection
	GlobalSection(SharedMSBuildProjectFiles) = preSolution
		MonoGame.RenderingPipeline.Shaders\MonoGame.RenderingPipeline.Shaders.projitems*{3eccbdf8-0dfe-4d0f-a513-7f0c8f7acfc7}*SharedItemsImports = 5
		MonoGame.RenderingPipeline.Shaders\MonoGame.RenderingPipeline.Shaders.projitems*{a0cdbd0e-3a41-42b7-9425-a838bc2c7383}*SharedItemsImports = 13
		MonoGame.RenderingPipeline.Shaders\MonoGame.RenderingPipeline.Shaders.projitems*{c6295792-d1ef-4650-942f-c648d1fad640}*SharedItemsImports = 5
	EndGlobalSection
EndGlobal
