
Microsoft Visual Studio Solution File, Format Version 12.00
# Visual Studio Version 17
VisualStudioVersion = 17.7.34031.279
MinimumVisualStudioVersion = 10.0.40219.1
Project("{9A19103F-16F7-4668-BE54-9A1E7A4F7556}") = "MonoDeferred", "MonoGame.Deferred\MonoDeferred.csproj", "{C6295792-D1EF-4650-942F-C648D1FAD640}"
EndProject
Project("{9A19103F-16F7-4668-BE54-9A1E7A4F7556}") = "MonoGame.HelperSuite", "MonoGame.HelperSuite\MonoGame.HelperSuite.csproj", "{062C6625-A99A-4367-9CEE-C13F06A51480}"
EndProject
Global
	GlobalSection(SolutionConfigurationPlatforms) = preSolution
		Debug|Any CPU = Debug|Any CPU
		Release|Any CPU = Release|Any CPU
	EndGlobalSection
	GlobalSection(ProjectConfigurationPlatforms) = postSolution
		{C6295792-D1EF-4650-942F-C648D1FAD640}.Debug|Any CPU.ActiveCfg = Debug|Any CPU
		{C6295792-D1EF-4650-942F-C648D1FAD640}.Debug|Any CPU.Build.0 = Debug|Any CPU
		{C6295792-D1EF-4650-942F-C648D1FAD640}.Release|Any CPU.ActiveCfg = Release|Any CPU
		{C6295792-D1EF-4650-942F-C648D1FAD640}.Release|Any CPU.Build.0 = Release|Any CPU
		{062C6625-A99A-4367-9CEE-C13F06A51480}.Debug|Any CPU.ActiveCfg = Debug|Any CPU
		{062C6625-A99A-4367-9CEE-C13F06A51480}.Debug|Any CPU.Build.0 = Debug|Any CPU
		{062C6625-A99A-4367-9CEE-C13F06A51480}.Release|Any CPU.ActiveCfg = Release|Any CPU
		{062C6625-A99A-4367-9CEE-C13F06A51480}.Release|Any CPU.Build.0 = Release|Any CPU
	EndGlobalSection
	GlobalSection(SolutionProperties) = preSolution
		HideSolutionNode = FALSE
	EndGlobalSection
	GlobalSection(ExtensibilityGlobals) = postSolution
		SolutionGuid = {9543BC8D-D66B-4E0E-B251-1D4EDE9B6A6F}
	EndGlobalSection
EndGlobal
